
Microsoft Visual Studio Solution File, Format Version 12.00
# Visual Studio Version 17
VisualStudioVersion = 17.8.34309.116
MinimumVisualStudioVersion = 10.0.40219.1
Project("{FAE04EC0-301F-11D3-BF4B-00C04F79EFBC}") = "WFADelegate_0", "WFADelegate_0\WFADelegate_0.csproj", "{5163FE39-7634-45FA-9E05-8B7767618E56}"
EndProject
Global
	GlobalSection(SolutionConfigurationPlatforms) = preSolution
		Debug|Any CPU = Debug|Any CPU
		Release|Any CPU = Release|Any CPU
	EndGlobalSection
	GlobalSection(ProjectConfigurationPlatforms) = postSolution
		{5163FE39-7634-45FA-9E05-8B7767618E56}.Debug|Any CPU.ActiveCfg = Debug|Any CPU
		{5163FE39-7634-45FA-9E05-8B7767618E56}.Debug|Any CPU.Build.0 = Debug|Any CPU
		{5163FE39-7634-45FA-9E05-8B7767618E56}.Release|Any CPU.ActiveCfg = Release|Any CPU
		{5163FE39-7634-45FA-9E05-8B7767618E56}.Release|Any CPU.Build.0 = Release|Any CPU
	EndGlobalSection
	GlobalSection(SolutionProperties) = preSolution
		HideSolutionNode = FALSE
	EndGlobalSection
	GlobalSection(ExtensibilityGlobals) = postSolution
		SolutionGuid = {FAC3C8F4-4510-4A03-87A1-DCC7F16A3439}
	EndGlobalSection
EndGlobal
